
Microsoft Visual Studio Solution File, Format Version 12.00
# Visual Studio 15
VisualStudioVersion = 15.0.28010.2016
MinimumVisualStudioVersion = 10.0.40219.1
Project("{FAE04EC0-301F-11D3-BF4B-00C04F79EFBC}") = "Refactoring", "Refactoring\Refactoring.csproj", "{5E3E751A-A6D1-42B9-8E4C-FE060509BC4C}"
EndProject
Global
	GlobalSection(SolutionConfigurationPlatforms) = preSolution
		Debug|Any CPU = Debug|Any CPU
		Release|Any CPU = Release|Any CPU
	EndGlobalSection
	GlobalSection(ProjectConfigurationPlatforms) = postSolution
		{5E3E751A-A6D1-42B9-8E4C-FE060509BC4C}.Debug|Any CPU.ActiveCfg = Debug|Any CPU
		{5E3E751A-A6D1-42B9-8E4C-FE060509BC4C}.Debug|Any CPU.Build.0 = Debug|Any CPU
		{5E3E751A-A6D1-42B9-8E4C-FE060509BC4C}.Release|Any CPU.ActiveCfg = Release|Any CPU
		{5E3E751A-A6D1-42B9-8E4C-FE060509BC4C}.Release|Any CPU.Build.0 = Release|Any CPU
	EndGlobalSection
	GlobalSection(SolutionProperties) = preSolution
		HideSolutionNode = FALSE
	EndGlobalSection
	GlobalSection(ExtensibilityGlobals) = postSolution
		SolutionGuid = {7558387B-0A6C-4907-965D-9056B41C9831}
	EndGlobalSection
EndGlobal
